
Microsoft Visual Studio Solution File, Format Version 12.00
# Visual Studio Version 17
VisualStudioVersion = 17.5.33627.172
MinimumVisualStudioVersion = 10.0.40219.1
Project("{FAE04EC0-301F-11D3-BF4B-00C04F79EFBC}") = "Bai1", "Bai1.csproj", "{09541D15-7C7F-47D5-AC2C-DA98C441EDC5}"
EndProject
Global
	GlobalSection(SolutionConfigurationPlatforms) = preSolution
		Debug|Any CPU = Debug|Any CPU
		Release|Any CPU = Release|Any CPU
	EndGlobalSection
	GlobalSection(ProjectConfigurationPlatforms) = postSolution
		{09541D15-7C7F-47D5-AC2C-DA98C441EDC5}.Debug|Any CPU.ActiveCfg = Debug|Any CPU
		{09541D15-7C7F-47D5-AC2C-DA98C441EDC5}.Debug|Any CPU.Build.0 = Debug|Any CPU
		{09541D15-7C7F-47D5-AC2C-DA98C441EDC5}.Release|Any CPU.ActiveCfg = Release|Any CPU
		{09541D15-7C7F-47D5-AC2C-DA98C441EDC5}.Release|Any CPU.Build.0 = Release|Any CPU
	EndGlobalSection
	GlobalSection(SolutionProperties) = preSolution
		HideSolutionNode = FALSE
	EndGlobalSection
	GlobalSection(ExtensibilityGlobals) = postSolution
		SolutionGuid = {7316595A-0F08-4DBF-AB06-030D70136B11}
	EndGlobalSection
EndGlobal
